
Microsoft Visual Studio Solution File, Format Version 12.00
# Visual Studio Version 17
VisualStudioVersion = 17.2.32630.192
MinimumVisualStudioVersion = 10.0.40219.1
Project("{FAE04EC0-301F-11D3-BF4B-00C04F79EFBC}") = "Ex_Aula", "Ex_Aula.csproj", "{BD1260FC-99CF-4B35-B5F0-A5A4A8E07758}"
EndProject
Global
	GlobalSection(SolutionConfigurationPlatforms) = preSolution
		Debug|Any CPU = Debug|Any CPU
		Release|Any CPU = Release|Any CPU
	EndGlobalSection
	GlobalSection(ProjectConfigurationPlatforms) = postSolution
		{BD1260FC-99CF-4B35-B5F0-A5A4A8E07758}.Debug|Any CPU.ActiveCfg = Debug|Any CPU
		{BD1260FC-99CF-4B35-B5F0-A5A4A8E07758}.Debug|Any CPU.Build.0 = Debug|Any CPU
		{BD1260FC-99CF-4B35-B5F0-A5A4A8E07758}.Release|Any CPU.ActiveCfg = Release|Any CPU
		{BD1260FC-99CF-4B35-B5F0-A5A4A8E07758}.Release|Any CPU.Build.0 = Release|Any CPU
	EndGlobalSection
	GlobalSection(SolutionProperties) = preSolution
		HideSolutionNode = FALSE
	EndGlobalSection
	GlobalSection(ExtensibilityGlobals) = postSolution
		SolutionGuid = {4984D8D0-E161-44D4-8E04-3D8909F997FC}
	EndGlobalSection
EndGlobal
